
Microsoft Visual Studio Solution File, Format Version 12.00
# Visual Studio Version 17
VisualStudioVersion = 17.7.34003.232
MinimumVisualStudioVersion = 10.0.40219.1
Project("{FAE04EC0-301F-11D3-BF4B-00C04F79EFBC}") = "HelloWorld", "HelloWorld.csproj", "{3AE659DE-0337-4421-B6DF-53EE4D0756FB}"
EndProject
Global
	GlobalSection(SolutionConfigurationPlatforms) = preSolution
		Debug|Any CPU = Debug|Any CPU
		Release|Any CPU = Release|Any CPU
	EndGlobalSection
	GlobalSection(ProjectConfigurationPlatforms) = postSolution
		{3AE659DE-0337-4421-B6DF-53EE4D0756FB}.Debug|Any CPU.ActiveCfg = Debug|Any CPU
		{3AE659DE-0337-4421-B6DF-53EE4D0756FB}.Debug|Any CPU.Build.0 = Debug|Any CPU
		{3AE659DE-0337-4421-B6DF-53EE4D0756FB}.Release|Any CPU.ActiveCfg = Release|Any CPU
		{3AE659DE-0337-4421-B6DF-53EE4D0756FB}.Release|Any CPU.Build.0 = Release|Any CPU
	EndGlobalSection
	GlobalSection(SolutionProperties) = preSolution
		HideSolutionNode = FALSE
	EndGlobalSection
	GlobalSection(ExtensibilityGlobals) = postSolution
		SolutionGuid = {AF077649-50C2-415D-B461-F952B17415B2}
	EndGlobalSection
EndGlobal
